lockfileVersion: '9.0'

settings:
  autoInstallPeers: true
  excludeLinksFromLockfile: false

importers:

  .:
    devDependencies:
      '@types/node':
        specifier: 22.15.29
        version: 22.15.29
      better-typescript-lib:
        specifier: 2.11.0
        version: 2.11.0(typescript@5.8.3)
      typescript:
        specifier: 5.8.3
        version: 5.8.3

packages:

  '@better-typescript-lib/decorators@2.11.0':
    resolution: {integrity: sha512-ZL90jrzAhnvDr/fbpJt3CgGZdWvAeoAWznp56/mHJRKrCwsaJ9uCPqU09D21FJkWsmZ2jkz+mwBI9+e5dzwFvg==}
    peerDependencies:
      typescript: '>=4.5.2'

  '@better-typescript-lib/dom@2.11.0':
    resolution: {integrity: sha512-tt0ZgcgxqwRL3oWa2xgtBnq7zJjBXqrtwQo6hvHEwsKNA5SD65FVrC+b1zTFTGvTLURGDIlq1kn3cB2quurVAA==}
    peerDependencies:
      typescript: '>=4.5.2'

  '@better-typescript-lib/es2015@2.11.0':
    resolution: {integrity: sha512-Xtg8WhxWAvBawWBOsAF3XurOHa18A7nvqYdfGYz4EXfrDvw32nod6zjf0it7/sDwcGIcms6wyRZyLkI4RP7e8Q==}
    peerDependencies:
      typescript: '>=4.5.2'

  '@better-typescript-lib/es2016@2.11.0':
    resolution: {integrity: sha512-RFLgskFU2rt/5esIcWibJu8n9a4EjmP6hCh5kqULb+w5J0eE9gXnhU6IZ685+spY2nPw991IYwnUP5idtfiGjQ==}
    peerDependencies:
      typescript: '>=4.5.2'

  '@better-typescript-lib/es2017@2.11.0':
    resolution: {integrity: sha512-bgCJrI6h3d6jvZsnzsbdH7/HVAV2GYrbtiUnBxV/ZTJ+VDiHdSI8CvsjIAVYHmrzLDC7FBTU+B+O8YhQ+fsehA==}
    peerDependencies:
      typescript: '>=4.5.2'

  '@better-typescript-lib/es2018@2.11.0':
    resolution: {integrity: sha512-8rwLcK9SqzO6bCsa6fQkCrYtFMAs8b5Oz+Rhuh/RmKD/Ja6XvkuXvsA8k+Zf6LjzEc/1aHk3ooQaoPeyh5wVIw==}
    peerDependencies:
      typescript: '>=4.5.2'

  '@better-typescript-lib/es2019@2.11.0':
    resolution: {integrity: sha512-S16xjOz1GJ1N9c7cdk+jywkkKjagQI8ojP9wBABU4876rv6Ng64iYVBG6IOpPcQ3eSIbnWSZVk4h4kCyJt1sKA==}
    peerDependencies:
      typescript: '>=4.5.2'

  '@better-typescript-lib/es2020@2.11.0':
    resolution: {integrity: sha512-TZMzKXvPXrxT25nhuA43uUbpBagwi5jjxfBcMPZQwbDfFAemO0oa96tQCw8L5oKxN/uxFLhRZuEwLRLVrtcjFw==}
    peerDependencies:
      typescript: '>=4.5.2'

  '@better-typescript-lib/es2021@2.11.0':
    resolution: {integrity: sha512-TCc6rj/uj3SHO9SPmsUqT3uRuZgFF2+ZLsKmA6+vQZDDVBQnelQHuooUhUWz49dh9TzntEI46x+yXen+UHfBGw==}
    peerDependencies:
      typescript: '>=4.5.2'

  '@better-typescript-lib/es2022@2.11.0':
    resolution: {integrity: sha512-Gu5MihDWyEgEd7gXXmMmh2lwyZDPlJIEU8v7Mfeqlk7BfYmS4Raww7f1WYGlXT01zAUELE9vOQdOb+jWG+9N1A==}
    peerDependencies:
      typescript: '>=4.5.2'

  '@better-typescript-lib/es2023@2.11.0':
    resolution: {integrity: sha512-Ezo4X5hM5bZx9LTPwexvpn1dq+JO+Od6P661pVjMoFA1eUm13SxGox2YIeISFAnWmJyLrcA9ZDr9+1cYlbeZzA==}
    peerDependencies:
      typescript: '>=4.5.2'

  '@better-typescript-lib/es2024@2.11.0':
    resolution: {integrity: sha512-1Gix0YIF/NkCid7W+/bOMivG3vIUYfOfpUNx94UDRmkTHTQa3/Vu/X2Mjes8Cu60fBhcfscMBC6QY0emStK79w==}
    peerDependencies:
      typescript: '>=4.5.2'

  '@better-typescript-lib/es5@2.11.0':
    resolution: {integrity: sha512-Efdc4z0hL+HQvcKmsuKtypYcwREUjm1U17eE9J3oXQ2icjR6bAD5IEgFX2gSV2/Ad1KGeBS9gakLxYvDP1G0eQ==}
    peerDependencies:
      typescript: '>=4.5.2'

  '@better-typescript-lib/es6@2.11.0':
    resolution: {integrity: sha512-zjl9jCTXwWx0QRSv5ILADM1wEgLq40VzBFURVHXg0D8LYv2KYVA7ICdcJZ2/DxoLhaukJm42mllRPjr/Bylw/A==}
    peerDependencies:
      typescript: '>=4.5.2'

  '@better-typescript-lib/esnext@2.11.0':
    resolution: {integrity: sha512-NTWWr05QE2/oes0xEiy84on87gzzEWyk0vwPTVgcuWvgtBwDe9sIeGJQSO4vfc7ZP+s3FPBqeSPiAlB7rZi68w==}
    peerDependencies:
      typescript: '>=4.5.2'

  '@better-typescript-lib/scripthost@2.11.0':
    resolution: {integrity: sha512-XwpujOfKtEn0oXodg8Rzm7ULu4OscK0l88ozWp4/q114k5vVd/1d90Q8nEIlB2RR8eqcGNkBG+Tcaj0qiaaJ1A==}
    peerDependencies:
      typescript: '>=4.5.2'

  '@better-typescript-lib/webworker@2.11.0':
    resolution: {integrity: sha512-9jdYsSj7YWGixeVok7xZSV+OHpOxMBEcuw+zPHj2462LS812Xq2Vs5Kk00PoFjVXolgQm6naXDG1Wa+x445BPQ==}
    peerDependencies:
      typescript: '>=4.5.2'

  '@types/node@22.15.29':
    resolution: {integrity: sha512-LNdjOkUDlU1RZb8e1kOIUpN1qQUlzGkEtbVNo53vbrwDg5om6oduhm4SiUaPW5ASTXhAiP0jInWG8Qx9fVlOeQ==}

  better-typescript-lib@2.11.0:
    resolution: {integrity: sha512-dwaPodcG5lVepyeoEmwRSpRqKWOso5CRktnMcPKlE4jjcHLGjkBhZXIMe6EFD9ALG/Ru3kwOO1t6TNNQ6Pf1Jw==}
    peerDependencies:
      typescript: '>=4.5.2'

  typescript@5.8.3:
    resolution: {integrity: sha512-p1diW6TqL9L07nNxvRMM7hMMw4c5XOo/1ibL4aAIGmSAt9slTE1Xgw5KWuof2uTOvCg9BY7ZRi+GaF+7sfgPeQ==}
    engines: {node: '>=14.17'}
    hasBin: true

  undici-types@6.21.0:
    resolution: {integrity: sha512-iwDZqg0QAGrg9Rav5H4n0M64c3mkR59cJ6wQp+7C4nI0gsmExaedaYLNO44eT4AtBBwjbTiGPMlt2Md0T9H9JQ==}

snapshots:

  '@better-typescript-lib/decorators@2.11.0(typescript@5.8.3)':
    dependencies:
      typescript: 5.8.3

  '@better-typescript-lib/dom@2.11.0(typescript@5.8.3)':
    dependencies:
      typescript: 5.8.3

  '@better-typescript-lib/es2015@2.11.0(typescript@5.8.3)':
    dependencies:
      typescript: 5.8.3

  '@better-typescript-lib/es2016@2.11.0(typescript@5.8.3)':
    dependencies:
      typescript: 5.8.3

  '@better-typescript-lib/es2017@2.11.0(typescript@5.8.3)':
    dependencies:
      typescript: 5.8.3

  '@better-typescript-lib/es2018@2.11.0(typescript@5.8.3)':
    dependencies:
      typescript: 5.8.3

  '@better-typescript-lib/es2019@2.11.0(typescript@5.8.3)':
    dependencies:
      typescript: 5.8.3

  '@better-typescript-lib/es2020@2.11.0(typescript@5.8.3)':
    dependencies:
      typescript: 5.8.3

  '@better-typescript-lib/es2021@2.11.0(typescript@5.8.3)':
    dependencies:
      typescript: 5.8.3

  '@better-typescript-lib/es2022@2.11.0(typescript@5.8.3)':
    dependencies:
      typescript: 5.8.3

  '@better-typescript-lib/es2023@2.11.0(typescript@5.8.3)':
    dependencies:
      typescript: 5.8.3

  '@better-typescript-lib/es2024@2.11.0(typescript@5.8.3)':
    dependencies:
      typescript: 5.8.3

  '@better-typescript-lib/es5@2.11.0(typescript@5.8.3)':
    dependencies:
      typescript: 5.8.3

  '@better-typescript-lib/es6@2.11.0(typescript@5.8.3)':
    dependencies:
      typescript: 5.8.3

  '@better-typescript-lib/esnext@2.11.0(typescript@5.8.3)':
    dependencies:
      typescript: 5.8.3

  '@better-typescript-lib/scripthost@2.11.0(typescript@5.8.3)':
    dependencies:
      typescript: 5.8.3

  '@better-typescript-lib/webworker@2.11.0(typescript@5.8.3)':
    dependencies:
      typescript: 5.8.3

  '@types/node@22.15.29':
    dependencies:
      undici-types: 6.21.0

  better-typescript-lib@2.11.0(typescript@5.8.3):
    dependencies:
      '@typescript/lib-decorators': '@better-typescript-lib/decorators@2.11.0(typescript@5.8.3)'
      '@typescript/lib-dom': '@better-typescript-lib/dom@2.11.0(typescript@5.8.3)'
      '@typescript/lib-es2015': '@better-typescript-lib/es2015@2.11.0(typescript@5.8.3)'
      '@typescript/lib-es2016': '@better-typescript-lib/es2016@2.11.0(typescript@5.8.3)'
      '@typescript/lib-es2017': '@better-typescript-lib/es2017@2.11.0(typescript@5.8.3)'
      '@typescript/lib-es2018': '@better-typescript-lib/es2018@2.11.0(typescript@5.8.3)'
      '@typescript/lib-es2019': '@better-typescript-lib/es2019@2.11.0(typescript@5.8.3)'
      '@typescript/lib-es2020': '@better-typescript-lib/es2020@2.11.0(typescript@5.8.3)'
      '@typescript/lib-es2021': '@better-typescript-lib/es2021@2.11.0(typescript@5.8.3)'
      '@typescript/lib-es2022': '@better-typescript-lib/es2022@2.11.0(typescript@5.8.3)'
      '@typescript/lib-es2023': '@better-typescript-lib/es2023@2.11.0(typescript@5.8.3)'
      '@typescript/lib-es2024': '@better-typescript-lib/es2024@2.11.0(typescript@5.8.3)'
      '@typescript/lib-es5': '@better-typescript-lib/es5@2.11.0(typescript@5.8.3)'
      '@typescript/lib-es6': '@better-typescript-lib/es6@2.11.0(typescript@5.8.3)'
      '@typescript/lib-esnext': '@better-typescript-lib/esnext@2.11.0(typescript@5.8.3)'
      '@typescript/lib-scripthost': '@better-typescript-lib/scripthost@2.11.0(typescript@5.8.3)'
      '@typescript/lib-webworker': '@better-typescript-lib/webworker@2.11.0(typescript@5.8.3)'
      typescript: 5.8.3

  typescript@5.8.3: {}

  undici-types@6.21.0: {}
